
Microsoft Visual Studio Solution File, Format Version 10.00
# Visual Studio 2008
Project("{FAE04EC0-301F-11D3-BF4B-00C04F79EFBC}") = "WCFServer", "WCFServer\WCFServer.csproj", "{37A25D0F-F9F1-4BF2-8C59-FD701637ED1A}"
EndProject
Project("{FAE04EC0-301F-11D3-BF4B-00C04F79EFBC}") = "WCFClientAPI", "WCFClientAPI\WCFClientAPI.csproj", "{B0959175-9864-4276-A487-3CBD3F5C8234}"
	ProjectSection(ProjectDependencies) = postProject
		{37A25D0F-F9F1-4BF2-8C59-FD701637ED1A} = {37A25D0F-F9F1-4BF2-8C59-FD701637ED1A}
	EndProjectSection
EndProject
Project("{FAE04EC0-301F-11D3-BF4B-00C04F79EFBC}") = "DataAccess", "DataAccess\DataAccess.csproj", "{42EB4D38-35C4-4039-B6EE-79201CD7EC99}"
EndProject
Project("{FAE04EC0-301F-11D3-BF4B-00C04F79EFBC}") = "CommandletClient", "CommandletClient\CommandletClient.csproj", "{1802B58E-4F39-45AB-9577-5E2E84BAB9E4}"
EndProject
Project("{FAE04EC0-301F-11D3-BF4B-00C04F79EFBC}") = "ASPNetClient", "ASPNetClient\ASPNetClient.csproj", "{E306E410-9C40-4C5F-9648-D681FA3DB19D}"
EndProject
Project("{FAE04EC0-301F-11D3-BF4B-00C04F79EFBC}") = "TestLibrary", "TestLibrary\TestLibrary.csproj", "{6F8CA4AE-145E-46BF-AC23-624F06AC3439}"
	ProjectSection(ProjectDependencies) = postProject
		{37A25D0F-F9F1-4BF2-8C59-FD701637ED1A} = {37A25D0F-F9F1-4BF2-8C59-FD701637ED1A}
	EndProjectSection
EndProject
Project("{2150E333-8FDC-42A3-9474-1A3956D46DE8}") = "Solution Items", "Solution Items", "{D6D3317F-6582-4EC3-BA24-95439601DF2C}"
	ProjectSection(SolutionItems) = preProject
		LocalTestRun.testrunconfig = LocalTestRun.testrunconfig
		SampleLibApp.vsmdi = SampleLibApp.vsmdi
		SampleLibApp1.vsmdi = SampleLibApp1.vsmdi
		SampleLibApp2.vsmdi = SampleLibApp2.vsmdi
		SampleLibApp3.vsmdi = SampleLibApp3.vsmdi
	EndProjectSection
EndProject
Project("{FAE04EC0-301F-11D3-BF4B-00C04F79EFBC}") = "CommonClassLibrary", "ClassLibrary1\CommonClassLibrary.csproj", "{B1D444E6-C3D0-420A-96E4-73A2E51B3D2D}"
EndProject
Global
	GlobalSection(TestCaseManagementSettings) = postSolution
		CategoryFile = SampleLibApp3.vsmdi
	EndGlobalSection
	GlobalSection(SolutionConfigurationPlatforms) = preSolution
		Debug|Any CPU = Debug|Any CPU
		Release|Any CPU = Release|Any CPU
	EndGlobalSection
	GlobalSection(ProjectConfigurationPlatforms) = postSolution
		{37A25D0F-F9F1-4BF2-8C59-FD701637ED1A}.Debug|Any CPU.ActiveCfg = Debug|Any CPU
		{37A25D0F-F9F1-4BF2-8C59-FD701637ED1A}.Debug|Any CPU.Build.0 = Debug|Any CPU
		{37A25D0F-F9F1-4BF2-8C59-FD701637ED1A}.Release|Any CPU.ActiveCfg = Release|Any CPU
		{37A25D0F-F9F1-4BF2-8C59-FD701637ED1A}.Release|Any CPU.Build.0 = Release|Any CPU
		{B0959175-9864-4276-A487-3CBD3F5C8234}.Debug|Any CPU.ActiveCfg = Debug|Any CPU
		{B0959175-9864-4276-A487-3CBD3F5C8234}.Debug|Any CPU.Build.0 = Debug|Any CPU
		{B0959175-9864-4276-A487-3CBD3F5C8234}.Release|Any CPU.ActiveCfg = Release|Any CPU
		{B0959175-9864-4276-A487-3CBD3F5C8234}.Release|Any CPU.Build.0 = Release|Any CPU
		{42EB4D38-35C4-4039-B6EE-79201CD7EC99}.Debug|Any CPU.ActiveCfg = Debug|Any CPU
		{42EB4D38-35C4-4039-B6EE-79201CD7EC99}.Debug|Any CPU.Build.0 = Debug|Any CPU
		{42EB4D38-35C4-4039-B6EE-79201CD7EC99}.Release|Any CPU.ActiveCfg = Release|Any CPU
		{42EB4D38-35C4-4039-B6EE-79201CD7EC99}.Release|Any CPU.Build.0 = Release|Any CPU
		{1802B58E-4F39-45AB-9577-5E2E84BAB9E4}.Debug|Any CPU.ActiveCfg = Debug|Any CPU
		{1802B58E-4F39-45AB-9577-5E2E84BAB9E4}.Debug|Any CPU.Build.0 = Debug|Any CPU
		{1802B58E-4F39-45AB-9577-5E2E84BAB9E4}.Release|Any CPU.ActiveCfg = Release|Any CPU
		{1802B58E-4F39-45AB-9577-5E2E84BAB9E4}.Release|Any CPU.Build.0 = Release|Any CPU
		{E306E410-9C40-4C5F-9648-D681FA3DB19D}.Debug|Any CPU.ActiveCfg = Debug|Any CPU
		{E306E410-9C40-4C5F-9648-D681FA3DB19D}.Debug|Any CPU.Build.0 = Debug|Any CPU
		{E306E410-9C40-4C5F-9648-D681FA3DB19D}.Release|Any CPU.ActiveCfg = Release|Any CPU
		{E306E410-9C40-4C5F-9648-D681FA3DB19D}.Release|Any CPU.Build.0 = Release|Any CPU
		{6F8CA4AE-145E-46BF-AC23-624F06AC3439}.Debug|Any CPU.ActiveCfg = Debug|Any CPU
		{6F8CA4AE-145E-46BF-AC23-624F06AC3439}.Debug|Any CPU.Build.0 = Debug|Any CPU
		{6F8CA4AE-145E-46BF-AC23-624F06AC3439}.Release|Any CPU.ActiveCfg = Release|Any CPU
		{6F8CA4AE-145E-46BF-AC23-624F06AC3439}.Release|Any CPU.Build.0 = Release|Any CPU
		{B1D444E6-C3D0-420A-96E4-73A2E51B3D2D}.Debug|Any CPU.ActiveCfg = Debug|Any CPU
		{B1D444E6-C3D0-420A-96E4-73A2E51B3D2D}.Debug|Any CPU.Build.0 = Debug|Any CPU
		{B1D444E6-C3D0-420A-96E4-73A2E51B3D2D}.Release|Any CPU.ActiveCfg = Release|Any CPU
		{B1D444E6-C3D0-420A-96E4-73A2E51B3D2D}.Release|Any CPU.Build.0 = Release|Any CPU
	EndGlobalSection
	GlobalSection(SolutionProperties) = preSolution
		HideSolutionNode = FALSE
	EndGlobalSection
EndGlobal
